
Microsoft Visual Studio Solution File, Format Version 12.00
# Visual Studio Version 16
VisualStudioVersion = 16.0.31829.152
MinimumVisualStudioVersion = 10.0.40219.1
Project("{FAE04EC0-301F-11D3-BF4B-00C04F79EFBC}") = "TryCatchAssignment", "TryCatchAssignment\TryCatchAssignment.csproj", "{60980A1B-4CFD-44BE-AC3E-7DA6A289BAAA}"
EndProject
Global
	GlobalSection(SolutionConfigurationPlatforms) = preSolution
		Debug|Any CPU = Debug|Any CPU
		Release|Any CPU = Release|Any CPU
	EndGlobalSection
	GlobalSection(ProjectConfigurationPlatforms) = postSolution
		{60980A1B-4CFD-44BE-AC3E-7DA6A289BAAA}.Debug|Any CPU.ActiveCfg = Debug|Any CPU
		{60980A1B-4CFD-44BE-AC3E-7DA6A289BAAA}.Debug|Any CPU.Build.0 = Debug|Any CPU
		{60980A1B-4CFD-44BE-AC3E-7DA6A289BAAA}.Release|Any CPU.ActiveCfg = Release|Any CPU
		{60980A1B-4CFD-44BE-AC3E-7DA6A289BAAA}.Release|Any CPU.Build.0 = Release|Any CPU
	EndGlobalSection
	GlobalSection(SolutionProperties) = preSolution
		HideSolutionNode = FALSE
	EndGlobalSection
	GlobalSection(ExtensibilityGlobals) = postSolution
		SolutionGuid = {E18A28C7-D4C1-4659-81F3-777F5055F7A9}
	EndGlobalSection
EndGlobal
