
Microsoft Visual Studio Solution File, Format Version 12.00
# Visual Studio Version 16
VisualStudioVersion = 16.0.31729.503
MinimumVisualStudioVersion = 10.0.40219.1
Project("{FAE04EC0-301F-11D3-BF4B-00C04F79EFBC}") = "ConsoleApplicationAssignment", "ConsoleApplicationAssignment\ConsoleApplicationAssignment.csproj", "{48432AA9-5117-4EC5-9E43-041E863D8A28}"
EndProject
Global
	GlobalSection(SolutionConfigurationPlatforms) = preSolution
		Debug|Any CPU = Debug|Any CPU
		Release|Any CPU = Release|Any CPU
	EndGlobalSection
	GlobalSection(ProjectConfigurationPlatforms) = postSolution
		{48432AA9-5117-4EC5-9E43-041E863D8A28}.Debug|Any CPU.ActiveCfg = Debug|Any CPU
		{48432AA9-5117-4EC5-9E43-041E863D8A28}.Debug|Any CPU.Build.0 = Debug|Any CPU
		{48432AA9-5117-4EC5-9E43-041E863D8A28}.Release|Any CPU.ActiveCfg = Release|Any CPU
		{48432AA9-5117-4EC5-9E43-041E863D8A28}.Release|Any CPU.Build.0 = Release|Any CPU
	EndGlobalSection
	GlobalSection(SolutionProperties) = preSolution
		HideSolutionNode = FALSE
	EndGlobalSection
	GlobalSection(ExtensibilityGlobals) = postSolution
		SolutionGuid = {8830C2C2-DCC3-48D9-BCA8-D782F850DC4A}
	EndGlobalSection
EndGlobal
