
Microsoft Visual Studio Solution File, Format Version 12.00
# Visual Studio Version 16
VisualStudioVersion = 16.0.31729.503
MinimumVisualStudioVersion = 10.0.40219.1
Project("{FAE04EC0-301F-11D3-BF4B-00C04F79EFBC}") = "MethodsAndObjectsSubmissionAssignment", "MethodsAndObjectsSubmissionAssignment\MethodsAndObjectsSubmissionAssignment.csproj", "{ED1394A2-CC5D-4B45-9CA2-4C99F8B28C29}"
EndProject
Global
	GlobalSection(SolutionConfigurationPlatforms) = preSolution
		Debug|Any CPU = Debug|Any CPU
		Release|Any CPU = Release|Any CPU
	EndGlobalSection
	GlobalSection(ProjectConfigurationPlatforms) = postSolution
		{ED1394A2-CC5D-4B45-9CA2-4C99F8B28C29}.Debug|Any CPU.ActiveCfg = Debug|Any CPU
		{ED1394A2-CC5D-4B45-9CA2-4C99F8B28C29}.Debug|Any CPU.Build.0 = Debug|Any CPU
		{ED1394A2-CC5D-4B45-9CA2-4C99F8B28C29}.Release|Any CPU.ActiveCfg = Release|Any CPU
		{ED1394A2-CC5D-4B45-9CA2-4C99F8B28C29}.Release|Any CPU.Build.0 = Release|Any CPU
	EndGlobalSection
	GlobalSection(SolutionProperties) = preSolution
		HideSolutionNode = FALSE
	EndGlobalSection
	GlobalSection(ExtensibilityGlobals) = postSolution
		SolutionGuid = {76F513AD-3768-48ED-AAC8-0554D648A42B}
	EndGlobalSection
EndGlobal
