
Microsoft Visual Studio Solution File, Format Version 12.00
# Visual Studio Version 16
VisualStudioVersion = 16.0.31729.503
MinimumVisualStudioVersion = 10.0.40219.1
Project("{FAE04EC0-301F-11D3-BF4B-00C04F79EFBC}") = "ConsoleAppSixPartAssignment", "ConsoleAppSixPartAssignment\ConsoleAppSixPartAssignment.csproj", "{FB6F034F-E6A4-4C4E-924B-116F3DFF4CC4}"
EndProject
Global
	GlobalSection(SolutionConfigurationPlatforms) = preSolution
		Debug|Any CPU = Debug|Any CPU
		Release|Any CPU = Release|Any CPU
	EndGlobalSection
	GlobalSection(ProjectConfigurationPlatforms) = postSolution
		{FB6F034F-E6A4-4C4E-924B-116F3DFF4CC4}.Debug|Any CPU.ActiveCfg = Debug|Any CPU
		{FB6F034F-E6A4-4C4E-924B-116F3DFF4CC4}.Debug|Any CPU.Build.0 = Debug|Any CPU
		{FB6F034F-E6A4-4C4E-924B-116F3DFF4CC4}.Release|Any CPU.ActiveCfg = Release|Any CPU
		{FB6F034F-E6A4-4C4E-924B-116F3DFF4CC4}.Release|Any CPU.Build.0 = Release|Any CPU
	EndGlobalSection
	GlobalSection(SolutionProperties) = preSolution
		HideSolutionNode = FALSE
	EndGlobalSection
	GlobalSection(ExtensibilityGlobals) = postSolution
		SolutionGuid = {ABC049C8-3B5F-40AF-A8FD-9EC9BEB3C973}
	EndGlobalSection
EndGlobal
