
Microsoft Visual Studio Solution File, Format Version 12.00
# Visual Studio Version 16
VisualStudioVersion = 16.0.31729.503
MinimumVisualStudioVersion = 10.0.40219.1
Project("{FAE04EC0-301F-11D3-BF4B-00C04F79EFBC}") = "ConsoleAppStringsAndIntegersSubmissionAssignment", "ConsoleAppStringsAndIntegersSubmissionAssignment\ConsoleAppStringsAndIntegersSubmissionAssignment.csproj", "{DFB5A30D-FAA9-406E-907C-F18D1B605D1A}"
EndProject
Global
	GlobalSection(SolutionConfigurationPlatforms) = preSolution
		Debug|Any CPU = Debug|Any CPU
		Release|Any CPU = Release|Any CPU
	EndGlobalSection
	GlobalSection(ProjectConfigurationPlatforms) = postSolution
		{DFB5A30D-FAA9-406E-907C-F18D1B605D1A}.Debug|Any CPU.ActiveCfg = Debug|Any CPU
		{DFB5A30D-FAA9-406E-907C-F18D1B605D1A}.Debug|Any CPU.Build.0 = Debug|Any CPU
		{DFB5A30D-FAA9-406E-907C-F18D1B605D1A}.Release|Any CPU.ActiveCfg = Release|Any CPU
		{DFB5A30D-FAA9-406E-907C-F18D1B605D1A}.Release|Any CPU.Build.0 = Release|Any CPU
	EndGlobalSection
	GlobalSection(SolutionProperties) = preSolution
		HideSolutionNode = FALSE
	EndGlobalSection
	GlobalSection(ExtensibilityGlobals) = postSolution
		SolutionGuid = {F03B5F08-931D-4CE0-99A6-90DB35EB0228}
	EndGlobalSection
EndGlobal
